// !$*UTF8*$!
{
	archiveVersion = 1;
	classes = {
	};
	objectVersion = 77;
	objects = {

/* Begin PBXContainerItemProxy section */
		CE88BEFF2EFF03FD000738B9 /* PBXContainerItemProxy */ = {
			isa = PBXContainerItemProxy;
			containerPortal = CE88BEE62EFF03FA000738B9 /* Project object */;
			proxyType = 1;
			remoteGlobalIDString = CE88BEED2EFF03FA000738B9;
			remoteInfo = Coursework_NASA;
		};
		CE88BF092EFF03FD000738B9 /* PBXContainerItemProxy */ = {
			isa = PBXContainerItemProxy;
			containerPortal = CE88BEE62EFF03FA000738B9 /* Project object */;
			proxyType = 1;
			remoteGlobalIDString = CE88BEED2EFF03FA000738B9;
			remoteInfo = Coursework_NASA;
		};
/* End PBXContainerItemProxy section */

/* Begin PBXFileReference section */
		CE88BEEE2EFF03FA000738B9 /* Coursework_NASA.app */ = {isa = PBXFileReference; explicitFileType = wrapper.application; includeInIndex = 0; path = Coursework_NASA.app; sourceTree = BUILT_PRODUCTS_DIR; };
		CE88BEFE2EFF03FD000738B9 /* Coursework_NASATests.xctest */ = {isa = PBXFileReference; explicitFileType = wrapper.cfbundle; includeInIndex = 0; path = Coursework_NASATests.xctest; sourceTree = BUILT_PRODUCTS_DIR; };
		CE88BF082EFF03FD000738B9 /* Coursework_NASAUITests.xctest */ = {isa = PBXFileReference; explicitFileType = wrapper.cfbundle; includeInIndex = 0; path = Coursework_NASAUITests.xctest; sourceTree = BUILT_PRODUCTS_DIR; };
/* End PBXFileReference section */

/* Begin PBXFileSystemSynchronizedRootGroup section */
		CE88BEF02EFF03FA000738B9 /* Coursework_NASA */ = {
			isa = PBXFileSystemSynchronizedRootGroup;
			path = Coursework_NASA;
			sourceTree = "<group>";
		};
		CE88BF012EFF03FD000738B9 /* Coursework_NASATests */ = {
			isa = PBXFileSystemSynchronizedRootGroup;
			path = Coursework_NASATests;
			sourceTree = "<group>";
		};
		CE88BF0B2EFF03FD000738B9 /* Coursework_NASAUITests */ = {
			isa = PBXFileSystemSynchronizedRootGroup;
			path = Coursework_NASAUITests;
			sourceTree = "<group>";
		};
/* End PBXFileSystemSynchronizedRootGroup section */

/* Begin PBXFrameworksBuildPhase section */
		CE88BEEB2EFF03FA000738B9 /* Frameworks */ = {
			isa = PBXFrameworksBuildPhase;
			buildActionMask = 2147483647;
			files = (
			);
			runOnlyForDeploymentPostprocessing = 0;
		};
		CE88BEFB2EFF03FD000738B9 /* Frameworks */ = {
			isa = PBXFrameworksBuildPhase;
			buildActionMask = 2147483647;
			files = (
			);
			runOnlyForDeploymentPostprocessing = 0;
		};
		CE88BF052EFF03FD000738B9 /* Frameworks */ = {
			isa = PBXFrameworksBuildPhase;
			buildActionMask = 2147483647;
			files = (
			);
			runOnlyForDeploymentPostprocessing = 0;
		};
/* End PBXFrameworksBuildPhase section */

/* Begin PBXGroup section */
		CE88BEE52EFF03FA000738B9 = {
			isa = PBXGroup;
			children = (
				CE88BEF02EFF03FA000738B9 /* Coursework_NASA */,
				CE88BF012EFF03FD000738B9 /* Coursework_NASATests */,
				CE88BF0B2EFF03FD000738B9 /* Coursework_NASAUITests */,
				CE88BEEF2EFF03FA000738B9 /* Products */,
			);
			sourceTree = "<group>";
		};
		CE88BEEF2EFF03FA000738B9 /* Products */ = {
			isa = PBXGroup;
			children = (
				CE88BEEE2EFF03FA000738B9 /* Coursework_NASA.app */,
				CE88BEFE2EFF03FD000738B9 /* Coursework_NASATests.xctest */,
				CE88BF082EFF03FD000738B9 /* Coursework_NASAUITests.xctest */,
			);
			name = Products;
			sourceTree = "<group>";
		};
/* End PBXGroup section */

/* Begin PBXNativeTarget section */
		CE88BEED2EFF03FA000738B9 /* Coursework_NASA */ = {
			isa = PBXNativeTarget;
			buildConfigurationList = CE88BF122EFF03FD000738B9 /* Build configuration list for PBXNativeTarget "Coursework_NASA" */;
			buildPhases = (
				CE88BEEA2EFF03FA000738B9 /* Sources */,
				CE88BEEB2EFF03FA000738B9 /* Frameworks */,
				CE88BEEC2EFF03FA000738B9 /* Resources */,
			);
			buildRules = (
			);
			dependencies = (
			);
			fileSystemSynchronizedGroups = (
				CE88BEF02EFF03FA000738B9 /* Coursework_NASA */,
			);
			name = Coursework_NASA;
			packageProductDependencies = (
			);
			productName = Coursework_NASA;
			productReference = CE88BEEE2EFF03FA000738B9 /* Coursework_NASA.app */;
			productType = "com.apple.product-type.application";
		};
		CE88BEFD2EFF03FD000738B9 /* Coursework_NASATests */ = {
			isa = PBXNativeTarget;
			buildConfigurationList = CE88BF152EFF03FD000738B9 /* Build configuration list for PBXNativeTarget "Coursework_NASATests" */;
			buildPhases = (
				CE88BEFA2EFF03FD000738B9 /* Sources */,
				CE88BEFB2EFF03FD000738B9 /* Frameworks */,
				CE88BEFC2EFF03FD000738B9 /* Resources */,
			);
			buildRules = (
			);
			dependencies = (
				CE88BF002EFF03FD000738B9 /* PBXTargetDependency */,
			);
			fileSystemSynchronizedGroups = (
				CE88BF012EFF03FD000738B9 /* Coursework_NASATests */,
			);
			name = Coursework_NASATests;
			packageProductDependencies = (
			);
			productName = Coursework_NASATests;
			productReference = CE88BEFE2EFF03FD000738B9 /* Coursework_NASATests.xctest */;
			productType = "com.apple.product-type.bundle.unit-test";
		};
		CE88BF072EFF03FD000738B9 /* Coursework_NASAUITests */ = {
			isa = PBXNativeTarget;
			buildConfigurationList = CE88BF182EFF03FD000738B9 /* Build configuration list for PBXNativeTarget "Coursework_NASAUITests" */;
			buildPhases = (
				CE88BF042EFF03FD000738B9 /* Sources */,
				CE88BF052EFF03FD000738B9 /* Frameworks */,
				CE88BF062EFF03FD000738B9 /* Resources */,
			);
			buildRules = (
			);
			dependencies = (
				CE88BF0A2EFF03FD000738B9 /* PBXTargetDependency */,
			);
			fileSystemSynchronizedGroups = (
				CE88BF0B2EFF03FD000738B9 /* Coursework_NASAUITests */,
			);
			name = Coursework_NASAUITests;
			packageProductDependencies = (
			);
			productName = Coursework_NASAUITests;
			productReference = CE88BF082EFF03FD000738B9 /* Coursework_NASAUITests.xctest */;
			productType = "com.apple.product-type.bundle.ui-testing";
		};
/* End PBXNativeTarget section */

/* Begin PBXProject section */
		CE88BEE62EFF03FA000738B9 /* Project object */ = {
			isa = PBXProject;
			attributes = {
				BuildIndependentTargetsInParallel = 1;
				LastSwiftUpdateCheck = 1610;
				LastUpgradeCheck = 1610;
				TargetAttributes = {
					CE88BEED2EFF03FA000738B9 = {
						CreatedOnToolsVersion = 16.1;
					};
					CE88BEFD2EFF03FD000738B9 = {
						CreatedOnToolsVersion = 16.1;
						TestTargetID = CE88BEED2EFF03FA000738B9;
					};
					CE88BF072EFF03FD000738B9 = {
						CreatedOnToolsVersion = 16.1;
						TestTargetID = CE88BEED2EFF03FA000738B9;
					};
				};
			};
			buildConfigurationList = CE88BEE92EFF03FA000738B9 /* Build configuration list for PBXProject "Coursework_NASA" */;
			developmentRegion = en;
			hasScannedForEncodings = 0;
			knownRegions = (
				en,
				Base,
			);
			mainGroup = CE88BEE52EFF03FA000738B9;
			minimizedProjectReferenceProxies = 1;
			preferredProjectObjectVersion = 77;
			productRefGroup = CE88BEEF2EFF03FA000738B9 /* Products */;
			projectDirPath = "";
			projectRoot = "";
			targets = (
				CE88BEED2EFF03FA000738B9 /* Coursework_NASA */,
				CE88BEFD2EFF03FD000738B9 /* Coursework_NASATests */,
				CE88BF072EFF03FD000738B9 /* Coursework_NASAUITests */,
			);
		};
/* End PBXProject section */

/* Begin PBXResourcesBuildPhase section */
		CE88BEEC2EFF03FA000738B9 /* Resources */ = {
			isa = PBXResourcesBuildPhase;
			buildActionMask = 2147483647;
			files = (
			);
			runOnlyForDeploymentPostprocessing = 0;
		};
		CE88BEFC2EFF03FD000738B9 /* Resources */ = {
			isa = PBXResourcesBuildPhase;
			buildActionMask = 2147483647;
			files = (
			);
			runOnlyForDeploymentPostprocessing = 0;
		};
		CE88BF062EFF03FD000738B9 /* Resources */ = {
			isa = PBXResourcesBuildPhase;
			buildActionMask = 2147483647;
			files = (
			);
			runOnlyForDeploymentPostprocessing = 0;
		};
/* End PBXResourcesBuildPhase section */

/* Begin PBXSourcesBuildPhase section */
		CE88BEEA2EFF03FA000738B9 /* Sources */ = {
			isa = PBXSourcesBuildPhase;
			buildActionMask = 2147483647;
			files = (
			);
			runOnlyForDeploymentPostprocessing = 0;
		};
		CE88BEFA2EFF03FD000738B9 /* Sources */ = {
			isa = PBXSourcesBuildPhase;
			buildActionMask = 2147483647;
			files = (
			);
			runOnlyForDeploymentPostprocessing = 0;
		};
		CE88BF042EFF03FD000738B9 /* Sources */ = {
			isa = PBXSourcesBuildPhase;
			buildActionMask = 2147483647;
			files = (
			);
			runOnlyForDeploymentPostprocessing = 0;
		};
/* End PBXSourcesBuildPhase section */

/* Begin PBXTargetDependency section */
		CE88BF002EFF03FD000738B9 /* PBXTargetDependency */ = {
			isa = PBXTargetDependency;
			target = CE88BEED2EFF03FA000738B9 /* Coursework_NASA */;
			targetProxy = CE88BEFF2EFF03FD000738B9 /* PBXContainerItemProxy */;
		};
		CE88BF0A2EFF03FD000738B9 /* PBXTargetDependency */ = {
			isa = PBXTargetDependency;
			target = CE88BEED2EFF03FA000738B9 /* Coursework_NASA */;
			targetProxy = CE88BF092EFF03FD000738B9 /* PBXContainerItemProxy */;
		};
/* End PBXTargetDependency section */

/* Begin XCBuildConfiguration section */
		CE88BF102EFF03FD000738B9 /* Debug */ = {
			isa = XCBuildConfiguration;
			buildSettings = {
				ALWAYS_SEARCH_USER_PATHS = NO;
				ASSETCATALOG_COMPILER_GENERATE_SWIFT_ASSET_SYMBOL_EXTENSIONS = YES;
				CLANG_ANALYZER_NONNULL = YES;
				CLANG_ANALYZER_NUMBER_OBJECT_CONVERSION = YES_AGGRESSIVE;
				CLANG_CXX_LANGUAGE_STANDARD = "gnu++20";
				CLANG_ENABLE_MODULES = YES;
				CLANG_ENABLE_OBJC_ARC = YES;
				CLANG_ENABLE_OBJC_WEAK = YES;
				CLANG_WARN_BLOCK_CAPTURE_AUTORELEASING = YES;
				CLANG_WARN_BOOL_CONVERSION = YES;
				CLANG_WARN_COMMA = YES;
				CLANG_WARN_CONSTANT_CONVERSION = YES;
				CLANG_WARN_DEPRECATED_OBJC_IMPLEMENTATIONS = YES;
				CLANG_WARN_DIRECT_OBJC_ISA_USAGE = YES_ERROR;
				CLANG_WARN_DOCUMENTATION_COMMENTS = YES;
				CLANG_WARN_EMPTY_BODY = YES;
				CLANG_WARN_ENUM_CONVERSION = YES;
				CLANG_WARN_INFINITE_RECURSION = YES;
				CLANG_WARN_INT_CONVERSION = YES;
				CLANG_WARN_NON_LITERAL_NULL_CONVERSION = YES;
				CLANG_WARN_OBJC_IMPLICIT_RETAIN_SELF = YES;
				CLANG_WARN_OBJC_LITERAL_CONVERSION = YES;
				CLANG_WARN_OBJC_ROOT_CLASS = YES_ERROR;
				CLANG_WARN_QUOTED_INCLUDE_IN_FRAMEWORK_HEADER = YES;
				CLANG_WARN_RANGE_LOOP_ANALYSIS = YES;
				CLANG_WARN_STRICT_PROTOTYPES = YES;
				CLANG_WARN_SUSPICIOUS_MOVE = YES;
				CLANG_WARN_UNGUARDED_AVAILABILITY = YES_AGGRESSIVE;
				CLANG_WARN_UNREACHABLE_CODE = YES;
				CLANG_WARN__DUPLICATE_METHOD_MATCH = YES;
				COPY_PHASE_STRIP = NO;
				DEBUG_INFORMATION_FORMAT = dwarf;
				ENABLE_STRICT_OBJC_MSGSEND = YES;
				ENABLE_TESTABILITY = YES;
				ENABLE_USER_SCRIPT_SANDBOXING = YES;
				GCC_C_LANGUAGE_STANDARD = gnu17;
				GCC_DYNAMIC_NO_PIC = NO;
				GCC_NO_COMMON_BLOCKS = YES;
				GCC_OPTIMIZATION_LEVEL = 0;
				GCC_PREPROCESSOR_DEFINITIONS = (
					"DEBUG=1",
					"$(inherited)",
				);
				GCC_WARN_64_TO_32_BIT_CONVERSION = YES;
				GCC_WARN_ABOUT_RETURN_TYPE = YES_ERROR;
				GCC_WARN_UNDECLARED_SELECTOR = YES;
				GCC_WARN_UNINITIALIZED_AUTOS = YES_AGGRESSIVE;
				GCC_WARN_UNUSED_FUNCTION = YES;
				GCC_WARN_UNUSED_VARIABLE = YES;
				IPHONEOS_DEPLOYMENT_TARGET = 18.1;
				LOCALIZATION_PREFERS_STRING_CATALOGS = YES;
				MTL_ENABLE_DEBUG_INFO = INCLUDE_SOURCE;
				MTL_FAST_MATH = YES;
				ONLY_ACTIVE_ARCH = YES;
				SDKROOT = iphoneos;
				SWIFT_ACTIVE_COMPILATION_CONDITIONS = "DEBUG $(inherited)";
				SWIFT_OPTIMIZATION_LEVEL = "-Onone";
			};
			name = Debug;
		};
		CE88BF112EFF03FD000738B9 /* Release */ = {
			isa = XCBuildConfiguration;
			buildSettings = {
				ALWAYS_SEARCH_USER_PATHS = NO;
				ASSETCATALOG_COMPILER_GENERATE_SWIFT_ASSET_SYMBOL_EXTENSIONS = YES;
				CLANG_ANALYZER_NONNULL = YES;
				CLANG_ANALYZER_NUMBER_OBJECT_CONVERSION = YES_AGGRESSIVE;
				CLANG_CXX_LANGUAGE_STANDARD = "gnu++20";
				CLANG_ENABLE_MODULES = YES;
				CLANG_ENABLE_OBJC_ARC = YES;
				CLANG_ENABLE_OBJC_WEAK = YES;
				CLANG_WARN_BLOCK_CAPTURE_AUTORELEASING = YES;
				CLANG_WARN_BOOL_CONVERSION = YES;
				CLANG_WARN_COMMA = YES;
				CLANG_WARN_CONSTANT_CONVERSION = YES;
				CLANG_WARN_DEPRECATED_OBJC_IMPLEMENTATIONS = YES;
				CLANG_WARN_DIRECT_OBJC_ISA_USAGE = YES_ERROR;
				CLANG_WARN_DOCUMENTATION_COMMENTS = YES;
				CLANG_WARN_EMPTY_BODY = YES;
				CLANG_WARN_ENUM_CONVERSION = YES;
				CLANG_WARN_INFINITE_RECURSION = YES;
				CLANG_WARN_INT_CONVERSION = YES;
				CLANG_WARN_NON_LITERAL_NULL_CONVERSION = YES;
				CLANG_WARN_OBJC_IMPLICIT_RETAIN_SELF = YES;
				CLANG_WARN_OBJC_LITERAL_CONVERSION = YES;
				CLANG_WARN_OBJC_ROOT_CLASS = YES_ERROR;
				CLANG_WARN_QUOTED_INCLUDE_IN_FRAMEWORK_HEADER = YES;
				CLANG_WARN_RANGE_LOOP_ANALYSIS = YES;
				CLANG_WARN_STRICT_PROTOTYPES = YES;
				CLANG_WARN_SUSPICIOUS_MOVE = YES;
				CLANG_WARN_UNGUARDED_AVAILABILITY = YES_AGGRESSIVE;
				CLANG_WARN_UNREACHABLE_CODE = YES;
				CLANG_WARN__DUPLICATE_METHOD_MATCH = YES;
				COPY_PHASE_STRIP = NO;
				DEBUG_INFORMATION_FORMAT = "dwarf-with-dsym";
				ENABLE_NS_ASSERTIONS = NO;
				ENABLE_STRICT_OBJC_MSGSEND = YES;
				ENABLE_USER_SCRIPT_SANDBOXING = YES;
				GCC_C_LANGUAGE_STANDARD = gnu17;
				GCC_NO_COMMON_BLOCKS = YES;
				GCC_WARN_64_TO_32_BIT_CONVERSION = YES;
				GCC_WARN_ABOUT_RETURN_TYPE = YES_ERROR;
				GCC_WARN_UNDECLARED_SELECTOR = YES;
				GCC_WARN_UNINITIALIZED_AUTOS = YES_AGGRESSIVE;
				GCC_WARN_UNUSED_FUNCTION = YES;
				GCC_WARN_UNUSED_VARIABLE = YES;
				IPHONEOS_DEPLOYMENT_TARGET = 18.1;
				LOCALIZATION_PREFERS_STRING_CATALOGS = YES;
				MTL_ENABLE_DEBUG_INFO = NO;
				MTL_FAST_MATH = YES;
				SDKROOT = iphoneos;
				SWIFT_COMPILATION_MODE = wholemodule;
				VALIDATE_PRODUCT = YES;
			};
			name = Release;
		};
		CE88BF132EFF03FD000738B9 /* Debug */ = {
			isa = XCBuildConfiguration;
			buildSettings = {
				ASSETCATALOG_COMPILER_APPICON_NAME = AppIcon;
				ASSETCATALOG_COMPILER_GLOBAL_ACCENT_COLOR_NAME = AccentColor;
				CODE_SIGN_STYLE = Automatic;
				CURRENT_PROJECT_VERSION = 1;
				DEVELOPMENT_ASSET_PATHS = "\"Coursework_NASA/Preview Content\"";
				ENABLE_PREVIEWS = YES;
				GENERATE_INFOPLIST_FILE = YES;
				INFOPLIST_KEY_UIApplicationSceneManifest_Generation = YES;
				INFOPLIST_KEY_UIApplicationSupportsIndirectInputEvents = YES;
				INFOPLIST_KEY_UILaunchScreen_Generation = YES;
				INFOPLIST_KEY_UISupportedInterfaceOrientations_iPad = "UIInterfaceOrientationPortrait UIInterfaceOrientationPortraitUpsideDown UIInterfaceOrientationLandscapeLeft UIInterfaceOrientationLandscapeRight";
				INFOPLIST_KEY_UISupportedInterfaceOrientations_iPhone = "UIInterfaceOrientationPortrait UIInterfaceOrientationLandscapeLeft UIInterfaceOrientationLandscapeRight";
				LD_RUNPATH_SEARCH_PATHS = (
					"$(inherited)",
					"@executable_path/Frameworks",
				);
				MARKETING_VERSION = 1.0;
				PRODUCT_BUNDLE_IDENTIFIER = "test.Coursework-NASA";
				PRODUCT_NAME = "$(TARGET_NAME)";
				SWIFT_EMIT_LOC_STRINGS = YES;
				SWIFT_VERSION = 5.0;
				TARGETED_DEVICE_FAMILY = "1,2";
			};
			name = Debug;
		};
		CE88BF142EFF03FD000738B9 /* Release */ = {
			isa = XCBuildConfiguration;
			buildSettings = {
				ASSETCATALOG_COMPILER_APPICON_NAME = AppIcon;
				ASSETCATALOG_COMPILER_GLOBAL_ACCENT_COLOR_NAME = AccentColor;
				CODE_SIGN_STYLE = Automatic;
				CURRENT_PROJECT_VERSION = 1;
				DEVELOPMENT_ASSET_PATHS = "\"Coursework_NASA/Preview Content\"";
				ENABLE_PREVIEWS = YES;
				GENERATE_INFOPLIST_FILE = YES;
				INFOPLIST_KEY_UIApplicationSceneManifest_Generation = YES;
				INFOPLIST_KEY_UIApplicationSupportsIndirectInputEvents = YES;
				INFOPLIST_KEY_UILaunchScreen_Generation = YES;
				INFOPLIST_KEY_UISupportedInterfaceOrientations_iPad = "UIInterfaceOrientationPortrait UIInterfaceOrientationPortraitUpsideDown UIInterfaceOrientationLandscapeLeft UIInterfaceOrientationLandscapeRight";
				INFOPLIST_KEY_UISupportedInterfaceOrientations_iPhone = "UIInterfaceOrientationPortrait UIInterfaceOrientationLandscapeLeft UIInterfaceOrientationLandscapeRight";
				LD_RUNPATH_SEARCH_PATHS = (
					"$(inherited)",
					"@executable_path/Frameworks",
				);
				MARKETING_VERSION = 1.0;
				PRODUCT_BUNDLE_IDENTIFIER = "test.Coursework-NASA";
				PRODUCT_NAME = "$(TARGET_NAME)";
				SWIFT_EMIT_LOC_STRINGS = YES;
				SWIFT_VERSION = 5.0;
				TARGETED_DEVICE_FAMILY = "1,2";
			};
			name = Release;
		};
		CE88BF162EFF03FD000738B9 /* Debug */ = {
			isa = XCBuildConfiguration;
			buildSettings = {
				BUNDLE_LOADER = "$(TEST_HOST)";
				CODE_SIGN_STYLE = Automatic;
				CURRENT_PROJECT_VERSION = 1;
				GENERATE_INFOPLIST_FILE = YES;
				IPHONEOS_DEPLOYMENT_TARGET = 18.1;
				MARKETING_VERSION = 1.0;
				PRODUCT_BUNDLE_IDENTIFIER = "test.Coursework-NASATests";
				PRODUCT_NAME = "$(TARGET_NAME)";
				SWIFT_EMIT_LOC_STRINGS = NO;
				SWIFT_VERSION = 5.0;
				TARGETED_DEVICE_FAMILY = "1,2";
				TEST_HOST = "$(BUILT_PRODUCTS_DIR)/Coursework_NASA.app/$(BUNDLE_EXECUTABLE_FOLDER_PATH)/Coursework_NASA";
			};
			name = Debug;
		};
		CE88BF172EFF03FD000738B9 /* Release */ = {
			isa = XCBuildConfiguration;
			buildSettings = {
				BUNDLE_LOADER = "$(TEST_HOST)";
				CODE_SIGN_STYLE = Automatic;
				CURRENT_PROJECT_VERSION = 1;
				GENERATE_INFOPLIST_FILE = YES;
				IPHONEOS_DEPLOYMENT_TARGET = 18.1;
				MARKETING_VERSION = 1.0;
				PRODUCT_BUNDLE_IDENTIFIER = "test.Coursework-NASATests";
				PRODUCT_NAME = "$(TARGET_NAME)";
				SWIFT_EMIT_LOC_STRINGS = NO;
				SWIFT_VERSION = 5.0;
				TARGETED_DEVICE_FAMILY = "1,2";
				TEST_HOST = "$(BUILT_PRODUCTS_DIR)/Coursework_NASA.app/$(BUNDLE_EXECUTABLE_FOLDER_PATH)/Coursework_NASA";
			};
			name = Release;
		};
		CE88BF192EFF03FD000738B9 /* Debug */ = {
			isa = XCBuildConfiguration;
			buildSettings = {
				CODE_SIGN_STYLE = Automatic;
				CURRENT_PROJECT_VERSION = 1;
				GENERATE_INFOPLIST_FILE = YES;
				MARKETING_VERSION = 1.0;
				PRODUCT_BUNDLE_IDENTIFIER = "test.Coursework-NASAUITests";
				PRODUCT_NAME = "$(TARGET_NAME)";
				SWIFT_EMIT_LOC_STRINGS = NO;
				SWIFT_VERSION = 5.0;
				TARGETED_DEVICE_FAMILY = "1,2";
				TEST_TARGET_NAME = Coursework_NASA;
			};
			name = Debug;
		};
		CE88BF1A2EFF03FD000738B9 /* Release */ = {
			isa = XCBuildConfiguration;
			buildSettings = {
				CODE_SIGN_STYLE = Automatic;
				CURRENT_PROJECT_VERSION = 1;
				GENERATE_INFOPLIST_FILE = YES;
				MARKETING_VERSION = 1.0;
				PRODUCT_BUNDLE_IDENTIFIER = "test.Coursework-NASAUITests";
				PRODUCT_NAME = "$(TARGET_NAME)";
				SWIFT_EMIT_LOC_STRINGS = NO;
				SWIFT_VERSION = 5.0;
				TARGETED_DEVICE_FAMILY = "1,2";
				TEST_TARGET_NAME = Coursework_NASA;
			};
			name = Release;
		};
/* End XCBuildConfiguration section */

/* Begin XCConfigurationList section */
		CE88BEE92EFF03FA000738B9 /* Build configuration list for PBXProject "Coursework_NASA" */ = {
			isa = XCConfigurationList;
			buildConfigurations = (
				CE88BF102EFF03FD000738B9 /* Debug */,
				CE88BF112EFF03FD000738B9 /* Release */,
			);
			defaultConfigurationIsVisible = 0;
			defaultConfigurationName = Release;
		};
		CE88BF122EFF03FD000738B9 /* Build configuration list for PBXNativeTarget "Coursework_NASA" */ = {
			isa = XCConfigurationList;
			buildConfigurations = (
				CE88BF132EFF03FD000738B9 /* Debug */,
				CE88BF142EFF03FD000738B9 /* Release */,
			);
			defaultConfigurationIsVisible = 0;
			defaultConfigurationName = Release;
		};
		CE88BF152EFF03FD000738B9 /* Build configuration list for PBXNativeTarget "Coursework_NASATests" */ = {
			isa = XCConfigurationList;
			buildConfigurations = (
				CE88BF162EFF03FD000738B9 /* Debug */,
				CE88BF172EFF03FD000738B9 /* Release */,
			);
			defaultConfigurationIsVisible = 0;
			defaultConfigurationName = Release;
		};
		CE88BF182EFF03FD000738B9 /* Build configuration list for PBXNativeTarget "Coursework_NASAUITests" */ = {
			isa = XCConfigurationList;
			buildConfigurations = (
				CE88BF192EFF03FD000738B9 /* Debug */,
				CE88BF1A2EFF03FD000738B9 /* Release */,
			);
			defaultConfigurationIsVisible = 0;
			defaultConfigurationName = Release;
		};
/* End XCConfigurationList section */
	};
	rootObject = CE88BEE62EFF03FA000738B9 /* Project object */;
}
